
Microsoft Visual Studio Solution File, Format Version 12.00
# Visual Studio Version 16
VisualStudioVersion = 16.0.29424.173
MinimumVisualStudioVersion = 10.0.40219.1
Project("{FAE04EC0-301F-11D3-BF4B-00C04F79EFBC}") = "20GRPED.MVC.A10.MvcAdoNet", "20GRPED.MVC.A10.MvcAdoNet\20GRPED.MVC.A10.MvcAdoNet.csproj", "{61176A60-0CA5-494B-90E0-C634619F7A80}"
EndProject
Global
	GlobalSection(SolutionConfigurationPlatforms) = preSolution
		Debug|Any CPU = Debug|Any CPU
		Release|Any CPU = Release|Any CPU
	EndGlobalSection
	GlobalSection(ProjectConfigurationPlatforms) = postSolution
		{61176A60-0CA5-494B-90E0-C634619F7A80}.Debug|Any CPU.ActiveCfg = Debug|Any CPU
		{61176A60-0CA5-494B-90E0-C634619F7A80}.Debug|Any CPU.Build.0 = Debug|Any CPU
		{61176A60-0CA5-494B-90E0-C634619F7A80}.Release|Any CPU.ActiveCfg = Release|Any CPU
		{61176A60-0CA5-494B-90E0-C634619F7A80}.Release|Any CPU.Build.0 = Release|Any CPU
	EndGlobalSection
	GlobalSection(SolutionProperties) = preSolution
		HideSolutionNode = FALSE
	EndGlobalSection
	GlobalSection(ExtensibilityGlobals) = postSolution
		SolutionGuid = {DB8244A7-4973-4992-B41A-CFA6BD727615}
	EndGlobalSection
EndGlobal
